
Microsoft Visual Studio Solution File, Format Version 12.00
# Visual Studio 15
VisualStudioVersion = 15.0.28307.329
MinimumVisualStudioVersion = 10.0.40219.1
Project("{9A19103F-16F7-4668-BE54-9A1E7A4F7556}") = "xadrez-console", "xadrez-console\xadrez-console.csproj", "{18268EBC-1D6A-4D4A-A3C6-E82A6DC55F9A}"
EndProject
Global
	GlobalSection(SolutionConfigurationPlatforms) = preSolution
		Debug|Any CPU = Debug|Any CPU
		Release|Any CPU = Release|Any CPU
	EndGlobalSection
	GlobalSection(ProjectConfigurationPlatforms) = postSolution
		{18268EBC-1D6A-4D4A-A3C6-E82A6DC55F9A}.Debug|Any CPU.ActiveCfg = Debug|Any CPU
		{18268EBC-1D6A-4D4A-A3C6-E82A6DC55F9A}.Debug|Any CPU.Build.0 = Debug|Any CPU
		{18268EBC-1D6A-4D4A-A3C6-E82A6DC55F9A}.Release|Any CPU.ActiveCfg = Release|Any CPU
		{18268EBC-1D6A-4D4A-A3C6-E82A6DC55F9A}.Release|Any CPU.Build.0 = Release|Any CPU
	EndGlobalSection
	GlobalSection(SolutionProperties) = preSolution
		HideSolutionNode = FALSE
	EndGlobalSection
	GlobalSection(ExtensibilityGlobals) = postSolution
		SolutionGuid = {E9814B54-6DE9-4DA2-A4C5-1B2066AC4CAA}
	EndGlobalSection
EndGlobal
